
Microsoft Visual Studio Solution File, Format Version 12.00
# Visual Studio Version 17
VisualStudioVersion = 17.9.34622.214
MinimumVisualStudioVersion = 10.0.40219.1
Project("{9A19103F-16F7-4668-BE54-9A1E7A4F7556}") = "Specs", "Specs\Specs.csproj", "{8BA45364-CEEC-45D6-BDC8-99F4FC241953}"
EndProject
Project("{2150E333-8FDC-42A3-9474-1A3956D46DE8}") = "Domain", "Domain", "{8EBE3472-CCFC-422C-A15A-64AF03679705}"
EndProject
Project("{2150E333-8FDC-42A3-9474-1A3956D46DE8}") = "Application", "Application", "{644A7A2D-9022-4A2E-B906-EE4F80E6B74B}"
EndProject
Project("{2150E333-8FDC-42A3-9474-1A3956D46DE8}") = "Infrastructure", "Infrastructure", "{D0BFF534-A238-4728-B9D2-A9F1ED84F2A1}"
EndProject
Project("{2150E333-8FDC-42A3-9474-1A3956D46DE8}") = "Presentation", "Presentation", "{73544EDC-1556-4EE0-8E8B-CE3E6043584E}"
EndProject
Project("{2150E333-8FDC-42A3-9474-1A3956D46DE8}") = "Tests", "Tests", "{F6D4AD12-35B5-4A1E-B650-41281BDDDA1B}"
EndProject
Project("{2150E333-8FDC-42A3-9474-1A3956D46DE8}") = "Tools", "Tools", "{D80C928F-7DF5-4707-9FB6-B6362017A1FE}"
EndProject
Project("{9A19103F-16F7-4668-BE54-9A1E7A4F7556}") = "BancaSempione.Domain.Divise", "BancaSempione.Domain.Divise\BancaSempione.Domain.Divise.csproj", "{C5F0EB04-CA2A-4894-BE43-2DFA69840863}"
EndProject
Project("{9A19103F-16F7-4668-BE54-9A1E7A4F7556}") = "BancaSempione.Domain.Repositories", "BancaSempione.Domain.Repositories\BancaSempione.Domain.Repositories.csproj", "{D64EA11B-7110-46C5-9C6E-0FEE105E5A97}"
EndProject
Project("{9A19103F-16F7-4668-BE54-9A1E7A4F7556}") = "BancaSempione.Domain.Boss", "BancaSempione.Domain.Boss\BancaSempione.Domain.Boss.csproj", "{A01879F6-9DDE-48DC-BA6E-1294E7C600FC}"
EndProject
Project("{9A19103F-16F7-4668-BE54-9A1E7A4F7556}") = "BancaSempione.Application.Provider.Boss", "BancaSempione.Application.Provider.Boss\BancaSempione.Application.Provider.Boss.csproj", "{8021F87C-2865-4697-BBD6-513EFB7D0CFB}"
EndProject
Project("{9A19103F-16F7-4668-BE54-9A1E7A4F7556}") = "BancaSempione.Infrastructure.Database", "BancaSempione.Infrastructure.Database\BancaSempione.Infrastructure.Database.csproj", "{D5CBE78C-2AFA-47A4-AAF7-3D52D33EFCCC}"
EndProject
Project("{9A19103F-16F7-4668-BE54-9A1E7A4F7556}") = "BancaSempione.Infrastructure.Repositories", "BancaSempione.Infrastructure.Repositories\BancaSempione.Infrastructure.Repositories.csproj", "{76C196FB-EDEA-4689-8F5E-F66E897C4DB9}"
EndProject
Project("{9A19103F-16F7-4668-BE54-9A1E7A4F7556}") = "BancaSempione.Presentation.Divise.WebApi", "BancaSempione.Presentation.Divise.WebApi\BancaSempione.Presentation.Divise.WebApi.csproj", "{4192B1D9-EFC2-4BE8-B7D7-1D10ECC1E144}"
EndProject
Project("{9A19103F-16F7-4668-BE54-9A1E7A4F7556}") = "BancaSempione.Infrastructure.Logging", "BancaSempione.Infrastructure.Logging\BancaSempione.Infrastructure.Logging.csproj", "{0CD62050-B2AC-48AE-BE6C-5AC436FF6629}"
EndProject
Project("{9A19103F-16F7-4668-BE54-9A1E7A4F7556}") = "BancaSempione.Presentation.Divise.Import", "BancaSempione.Presentation.Divise.Import\BancaSempione.Presentation.Divise.Import.csproj", "{652ADCED-4CF4-4CF0-BB64-387F1080E6DB}"
EndProject
Project("{9A19103F-16F7-4668-BE54-9A1E7A4F7556}") = "BancaSempione.Tools.Database", "BancaSempione.Tools.Database\BancaSempione.Tools.Database.csproj", "{39D19E21-F14C-4783-ADAF-BB67F43812B3}"
EndProject
Project("{9A19103F-16F7-4668-BE54-9A1E7A4F7556}") = "BancaSempione.Domain.Services", "BancaSempione.Domain.Services\BancaSempione.Domain.Services.csproj", "{2F5B0893-B882-4706-9A62-80BF44F2F748}"
EndProject
Project("{9A19103F-16F7-4668-BE54-9A1E7A4F7556}") = "BancaSempione.Infrastructure.Cache", "BancaSempione.Infrastructure.Cache\BancaSempione.Infrastructure.Cache.csproj", "{A4F15F42-E78C-454F-A355-CBA43111B022}"
EndProject
Project("{E53339B2-1760-4266-BCC7-CA923CBCF16C}") = "docker-compose", "docker-compose.dcproj", "{353956EC-F7E6-4894-BBBE-44454C50AE3B}"
EndProject
Project("{9A19103F-16F7-4668-BE54-9A1E7A4F7556}") = "BancaSempione.Application.DTOs", "..\BancaSempione.Application.DTOs\BancaSempione.Application.DTOs.csproj", "{9724EF7B-953A-469C-BCA6-021A7578D9E7}"
EndProject
Global
	GlobalSection(SolutionConfigurationPlatforms) = preSolution
		Debug|Any CPU = Debug|Any CPU
		Release|Any CPU = Release|Any CPU
	EndGlobalSection
	GlobalSection(ProjectConfigurationPlatforms) = postSolution
		{8BA45364-CEEC-45D6-BDC8-99F4FC241953}.Debug|Any CPU.ActiveCfg = Debug|Any CPU
		{8BA45364-CEEC-45D6-BDC8-99F4FC241953}.Debug|Any CPU.Build.0 = Debug|Any CPU
		{8BA45364-CEEC-45D6-BDC8-99F4FC241953}.Release|Any CPU.ActiveCfg = Release|Any CPU
		{8BA45364-CEEC-45D6-BDC8-99F4FC241953}.Release|Any CPU.Build.0 = Release|Any CPU
		{C5F0EB04-CA2A-4894-BE43-2DFA69840863}.Debug|Any CPU.ActiveCfg = Debug|Any CPU
		{C5F0EB04-CA2A-4894-BE43-2DFA69840863}.Debug|Any CPU.Build.0 = Debug|Any CPU
		{C5F0EB04-CA2A-4894-BE43-2DFA69840863}.Release|Any CPU.ActiveCfg = Release|Any CPU
		{C5F0EB04-CA2A-4894-BE43-2DFA69840863}.Release|Any CPU.Build.0 = Release|Any CPU
		{D64EA11B-7110-46C5-9C6E-0FEE105E5A97}.Debug|Any CPU.ActiveCfg = Debug|Any CPU
		{D64EA11B-7110-46C5-9C6E-0FEE105E5A97}.Debug|Any CPU.Build.0 = Debug|Any CPU
		{D64EA11B-7110-46C5-9C6E-0FEE105E5A97}.Release|Any CPU.ActiveCfg = Release|Any CPU
		{D64EA11B-7110-46C5-9C6E-0FEE105E5A97}.Release|Any CPU.Build.0 = Release|Any CPU
		{A01879F6-9DDE-48DC-BA6E-1294E7C600FC}.Debug|Any CPU.ActiveCfg = Debug|Any CPU
		{A01879F6-9DDE-48DC-BA6E-1294E7C600FC}.Debug|Any CPU.Build.0 = Debug|Any CPU
		{A01879F6-9DDE-48DC-BA6E-1294E7C600FC}.Release|Any CPU.ActiveCfg = Release|Any CPU
		{A01879F6-9DDE-48DC-BA6E-1294E7C600FC}.Release|Any CPU.Build.0 = Release|Any CPU
		{8021F87C-2865-4697-BBD6-513EFB7D0CFB}.Debug|Any CPU.ActiveCfg = Debug|Any CPU
		{8021F87C-2865-4697-BBD6-513EFB7D0CFB}.Debug|Any CPU.Build.0 = Debug|Any CPU
		{8021F87C-2865-4697-BBD6-513EFB7D0CFB}.Release|Any CPU.ActiveCfg = Release|Any CPU
		{8021F87C-2865-4697-BBD6-513EFB7D0CFB}.Release|Any CPU.Build.0 = Release|Any CPU
		{D5CBE78C-2AFA-47A4-AAF7-3D52D33EFCCC}.Debug|Any CPU.ActiveCfg = Debug|Any CPU
		{D5CBE78C-2AFA-47A4-AAF7-3D52D33EFCCC}.Debug|Any CPU.Build.0 = Debug|Any CPU
		{D5CBE78C-2AFA-47A4-AAF7-3D52D33EFCCC}.Release|Any CPU.ActiveCfg = Release|Any CPU
		{D5CBE78C-2AFA-47A4-AAF7-3D52D33EFCCC}.Release|Any CPU.Build.0 = Release|Any CPU
		{76C196FB-EDEA-4689-8F5E-F66E897C4DB9}.Debug|Any CPU.ActiveCfg = Debug|Any CPU
		{76C196FB-EDEA-4689-8F5E-F66E897C4DB9}.Debug|Any CPU.Build.0 = Debug|Any CPU
		{76C196FB-EDEA-4689-8F5E-F66E897C4DB9}.Release|Any CPU.ActiveCfg = Release|Any CPU
		{76C196FB-EDEA-4689-8F5E-F66E897C4DB9}.Release|Any CPU.Build.0 = Release|Any CPU
		{4192B1D9-EFC2-4BE8-B7D7-1D10ECC1E144}.Debug|Any CPU.ActiveCfg = Debug|Any CPU
		{4192B1D9-EFC2-4BE8-B7D7-1D10ECC1E144}.Debug|Any CPU.Build.0 = Debug|Any CPU
		{4192B1D9-EFC2-4BE8-B7D7-1D10ECC1E144}.Release|Any CPU.ActiveCfg = Release|Any CPU
		{4192B1D9-EFC2-4BE8-B7D7-1D10ECC1E144}.Release|Any CPU.Build.0 = Release|Any CPU
		{0CD62050-B2AC-48AE-BE6C-5AC436FF6629}.Debug|Any CPU.ActiveCfg = Debug|Any CPU
		{0CD62050-B2AC-48AE-BE6C-5AC436FF6629}.Debug|Any CPU.Build.0 = Debug|Any CPU
		{0CD62050-B2AC-48AE-BE6C-5AC436FF6629}.Release|Any CPU.ActiveCfg = Release|Any CPU
		{0CD62050-B2AC-48AE-BE6C-5AC436FF6629}.Release|Any CPU.Build.0 = Release|Any CPU
		{652ADCED-4CF4-4CF0-BB64-387F1080E6DB}.Debug|Any CPU.ActiveCfg = Debug|Any CPU
		{652ADCED-4CF4-4CF0-BB64-387F1080E6DB}.Debug|Any CPU.Build.0 = Debug|Any CPU
		{652ADCED-4CF4-4CF0-BB64-387F1080E6DB}.Release|Any CPU.ActiveCfg = Release|Any CPU
		{652ADCED-4CF4-4CF0-BB64-387F1080E6DB}.Release|Any CPU.Build.0 = Release|Any CPU
		{39D19E21-F14C-4783-ADAF-BB67F43812B3}.Debug|Any CPU.ActiveCfg = Debug|Any CPU
		{39D19E21-F14C-4783-ADAF-BB67F43812B3}.Debug|Any CPU.Build.0 = Debug|Any CPU
		{39D19E21-F14C-4783-ADAF-BB67F43812B3}.Release|Any CPU.ActiveCfg = Release|Any CPU
		{39D19E21-F14C-4783-ADAF-BB67F43812B3}.Release|Any CPU.Build.0 = Release|Any CPU
		{2F5B0893-B882-4706-9A62-80BF44F2F748}.Debug|Any CPU.ActiveCfg = Debug|Any CPU
		{2F5B0893-B882-4706-9A62-80BF44F2F748}.Debug|Any CPU.Build.0 = Debug|Any CPU
		{2F5B0893-B882-4706-9A62-80BF44F2F748}.Release|Any CPU.ActiveCfg = Release|Any CPU
		{2F5B0893-B882-4706-9A62-80BF44F2F748}.Release|Any CPU.Build.0 = Release|Any CPU
		{A4F15F42-E78C-454F-A355-CBA43111B022}.Debug|Any CPU.ActiveCfg = Debug|Any CPU
		{A4F15F42-E78C-454F-A355-CBA43111B022}.Debug|Any CPU.Build.0 = Debug|Any CPU
		{A4F15F42-E78C-454F-A355-CBA43111B022}.Release|Any CPU.ActiveCfg = Release|Any CPU
		{A4F15F42-E78C-454F-A355-CBA43111B022}.Release|Any CPU.Build.0 = Release|Any CPU
		{353956EC-F7E6-4894-BBBE-44454C50AE3B}.Debug|Any CPU.ActiveCfg = Debug|Any CPU
		{353956EC-F7E6-4894-BBBE-44454C50AE3B}.Debug|Any CPU.Build.0 = Debug|Any CPU
		{353956EC-F7E6-4894-BBBE-44454C50AE3B}.Release|Any CPU.ActiveCfg = Release|Any CPU
		{353956EC-F7E6-4894-BBBE-44454C50AE3B}.Release|Any CPU.Build.0 = Release|Any CPU
		{9724EF7B-953A-469C-BCA6-021A7578D9E7}.Debug|Any CPU.ActiveCfg = Debug|Any CPU
		{9724EF7B-953A-469C-BCA6-021A7578D9E7}.Debug|Any CPU.Build.0 = Debug|Any CPU
		{9724EF7B-953A-469C-BCA6-021A7578D9E7}.Release|Any CPU.ActiveCfg = Release|Any CPU
		{9724EF7B-953A-469C-BCA6-021A7578D9E7}.Release|Any CPU.Build.0 = Release|Any CPU
	EndGlobalSection
	GlobalSection(SolutionProperties) = preSolution
		HideSolutionNode = FALSE
	EndGlobalSection
	GlobalSection(NestedProjects) = preSolution
		{8BA45364-CEEC-45D6-BDC8-99F4FC241953} = {F6D4AD12-35B5-4A1E-B650-41281BDDDA1B}
		{C5F0EB04-CA2A-4894-BE43-2DFA69840863} = {8EBE3472-CCFC-422C-A15A-64AF03679705}
		{D64EA11B-7110-46C5-9C6E-0FEE105E5A97} = {8EBE3472-CCFC-422C-A15A-64AF03679705}
		{A01879F6-9DDE-48DC-BA6E-1294E7C600FC} = {8EBE3472-CCFC-422C-A15A-64AF03679705}
		{8021F87C-2865-4697-BBD6-513EFB7D0CFB} = {644A7A2D-9022-4A2E-B906-EE4F80E6B74B}
		{D5CBE78C-2AFA-47A4-AAF7-3D52D33EFCCC} = {D0BFF534-A238-4728-B9D2-A9F1ED84F2A1}
		{76C196FB-EDEA-4689-8F5E-F66E897C4DB9} = {D0BFF534-A238-4728-B9D2-A9F1ED84F2A1}
		{4192B1D9-EFC2-4BE8-B7D7-1D10ECC1E144} = {73544EDC-1556-4EE0-8E8B-CE3E6043584E}
		{0CD62050-B2AC-48AE-BE6C-5AC436FF6629} = {D0BFF534-A238-4728-B9D2-A9F1ED84F2A1}
		{652ADCED-4CF4-4CF0-BB64-387F1080E6DB} = {73544EDC-1556-4EE0-8E8B-CE3E6043584E}
		{39D19E21-F14C-4783-ADAF-BB67F43812B3} = {D80C928F-7DF5-4707-9FB6-B6362017A1FE}
		{2F5B0893-B882-4706-9A62-80BF44F2F748} = {8EBE3472-CCFC-422C-A15A-64AF03679705}
		{A4F15F42-E78C-454F-A355-CBA43111B022} = {D0BFF534-A238-4728-B9D2-A9F1ED84F2A1}
		{9724EF7B-953A-469C-BCA6-021A7578D9E7} = {644A7A2D-9022-4A2E-B906-EE4F80E6B74B}
	EndGlobalSection
	GlobalSection(ExtensibilityGlobals) = postSolution
		SolutionGuid = {E88CA819-AC2E-441E-A896-F5EBEC5FE4D3}
	EndGlobalSection
EndGlobal
